# This file is automatically @generated by Cargo.
# It is not intended for manual editing.
version = 3

[[package]]
name = "ahash"
version = "0.7.6"
source = "registry+https://github.com/rust-lang/crates.io-index"
checksum = "fcb51a0695d8f838b1ee009b3fbf66bda078cd64590202a864a8f3e8c4315c47"
dependencies = [
 "getrandom",
 "once_cell",
 "version_check",
]

[[package]]
name = "anyhow"
version = "1.0.66"
source = "registry+https://github.com/rust-lang/crates.io-index"
checksum = "216261ddc8289130e551ddcd5ce8a064710c0d064a4d2895c67151c92b5443f6"

[[package]]
name = "async-trait"
version = "0.1.59"
source = "registry+https://github.com/rust-lang/crates.io-index"
checksum = "31e6e93155431f3931513b243d371981bb2770112b370c82745a1d19d2f99364"
dependencies = [
 "proc-macro2",
 "quote",
 "syn",
]

[[package]]
name = "autocfg"
version = "1.1.0"
source = "registry+https://github.com/rust-lang/crates.io-index"
checksum = "d468802bab17cbc0cc575e9b053f41e72aa36bfa6b7f55e3529ffa43161b97fa"

[[package]]
name = "bitflags"
version = "1.3.2"
source = "registry+https://github.com/rust-lang/crates.io-index"
checksum = "bef38d45163c2f1dde094a7dfd33ccf595c92905c8f8f4fdc18d06fb1037718a"

[[package]]
name = "bumpalo"
version = "3.11.1"
source = "registry+https://github.com/rust-lang/crates.io-index"
checksum = "572f695136211188308f16ad2ca5c851a712c464060ae6974944458eb83880ba"

[[package]]
name = "byteorder"
version = "1.4.3"
source = "registry+https://github.com/rust-lang/crates.io-index"
checksum = "14c189c53d098945499cdfa7ecc63567cf3886b3332b312a5b4585d8d3a6a610"

[[package]]
name = "cfg-if"
version = "1.0.0"
source = "registry+https://github.com/rust-lang/crates.io-index"
checksum = "baf1de4339761588bc0619e3cbc0120ee582ebb74b53b4efbf79117bd2da40fd"

[[package]]
name = "console_error_panic_hook"
version = "0.1.7"
source = "registry+https://github.com/rust-lang/crates.io-index"
checksum = "a06aeb73f470f66dcdbf7223caeebb85984942f22f1adb2a088cf9668146bbbc"
dependencies = [
 "cfg-if",
 "wasm-bindgen",
]

[[package]]
name = "crane-bug-dioxus"
version = "0.1.0"
dependencies = [
 "console_error_panic_hook",
 "dioxus",
 "dioxus-web",
 "wasm-logger",
]

[[package]]
name = "darling"
version = "0.14.2"
source = "registry+https://github.com/rust-lang/crates.io-index"
checksum = "b0dd3cd20dc6b5a876612a6e5accfe7f3dd883db6d07acfbf14c128f61550dfa"
dependencies = [
 "darling_core",
 "darling_macro",
]

[[package]]
name = "darling_core"
version = "0.14.2"
source = "registry+https://github.com/rust-lang/crates.io-index"
checksum = "a784d2ccaf7c98501746bf0be29b2022ba41fd62a2e622af997a03e9f972859f"
dependencies = [
 "fnv",
 "ident_case",
 "proc-macro2",
 "quote",
 "syn",
]

[[package]]
name = "darling_macro"
version = "0.14.2"
source = "registry+https://github.com/rust-lang/crates.io-index"
checksum = "7618812407e9402654622dd402b0a89dff9ba93badd6540781526117b92aab7e"
dependencies = [
 "darling_core",
 "quote",
 "syn",
]

[[package]]
name = "dioxus"
version = "0.2.4"
source = "git+https://github.com/DioxusLabs/dioxus#dbf59f7c571398a18bf3f771465f6b8b7c9c2db3"
dependencies = [
 "dioxus-core",
 "dioxus-core-macro",
 "dioxus-hooks",
 "dioxus-html",
 "dioxus-rsx",
]

[[package]]
name = "dioxus-core"
version = "0.2.1"
source = "git+https://github.com/DioxusLabs/dioxus#dbf59f7c571398a18bf3f771465f6b8b7c9c2db3"
dependencies = [
 "anyhow",
 "bumpalo",
 "futures-channel",
 "futures-util",
 "fxhash",
 "indexmap",
 "longest-increasing-subsequence",
 "serde",
 "slab",
 "smallbox",
]

[[package]]
name = "dioxus-core-macro"
version = "0.2.1"
source = "git+https://github.com/DioxusLabs/dioxus#dbf59f7c571398a18bf3f771465f6b8b7c9c2db3"
dependencies = [
 "dioxus-rsx",
 "proc-macro2",
 "quote",
 "syn",
]

[[package]]
name = "dioxus-hooks"
version = "0.2.1"
source = "git+https://github.com/DioxusLabs/dioxus#dbf59f7c571398a18bf3f771465f6b8b7c9c2db3"
dependencies = [
 "dioxus-core",
 "futures-channel",
 "log",
]

[[package]]
name = "dioxus-html"
version = "0.2.1"
source = "git+https://github.com/DioxusLabs/dioxus#dbf59f7c571398a18bf3f771465f6b8b7c9c2db3"
dependencies = [
 "async-trait",
 "dioxus-core",
 "enumset",
 "euclid",
 "keyboard-types",
 "wasm-bindgen",
 "web-sys",
]

[[package]]
name = "dioxus-interpreter-js"
version = "0.2.1"
source = "git+https://github.com/DioxusLabs/dioxus#dbf59f7c571398a18bf3f771465f6b8b7c9c2db3"
dependencies = [
 "js-sys",
 "sledgehammer_bindgen",
 "sledgehammer_utils",
 "wasm-bindgen",
 "web-sys",
]

[[package]]
name = "dioxus-rsx"
version = "0.0.1"
source = "git+https://github.com/DioxusLabs/dioxus#dbf59f7c571398a18bf3f771465f6b8b7c9c2db3"
dependencies = [
 "proc-macro2",
 "quote",
 "serde",
 "syn",
]

[[package]]
name = "dioxus-web"
version = "0.2.1"
source = "git+https://github.com/DioxusLabs/dioxus#dbf59f7c571398a18bf3f771465f6b8b7c9c2db3"
dependencies = [
 "anyhow",
 "console_error_panic_hook",
 "dioxus-core",
 "dioxus-html",
 "dioxus-interpreter-js",
 "futures-channel",
 "futures-util",
 "gloo-timers",
 "js-sys",
 "log",
 "once_cell",
 "rustc-hash",
 "serde",
 "serde-wasm-bindgen",
 "serde_json",
 "smallstr",
 "wasm-bindgen",
 "wasm-bindgen-futures",
 "web-sys",
]

[[package]]
name = "enumset"
version = "1.0.12"
source = "registry+https://github.com/rust-lang/crates.io-index"
checksum = "19be8061a06ab6f3a6cf21106c873578bf01bd42ad15e0311a9c76161cb1c753"
dependencies = [
 "enumset_derive",
]

[[package]]
name = "enumset_derive"
version = "0.6.1"
source = "registry+https://github.com/rust-lang/crates.io-index"
checksum = "03e7b551eba279bf0fa88b83a46330168c1560a52a94f5126f892f0b364ab3e0"
dependencies = [
 "darling",
 "proc-macro2",
 "quote",
 "syn",
]

[[package]]
name = "euclid"
version = "0.22.7"
source = "registry+https://github.com/rust-lang/crates.io-index"
checksum = "b52c2ef4a78da0ba68fbe1fd920627411096d2ac478f7f4c9f3a54ba6705bade"
dependencies = [
 "num-traits",
]

[[package]]
name = "fnv"
version = "1.0.7"
source = "registry+https://github.com/rust-lang/crates.io-index"
checksum = "3f9eec918d3f24069decb9af1554cad7c880e2da24a9afd88aca000531ab82c1"

[[package]]
name = "futures-channel"
version = "0.3.25"
source = "registry+https://github.com/rust-lang/crates.io-index"
checksum = "52ba265a92256105f45b719605a571ffe2d1f0fea3807304b522c1d778f79eed"
dependencies = [
 "futures-core",
]

[[package]]
name = "futures-core"
version = "0.3.25"
source = "registry+https://github.com/rust-lang/crates.io-index"
checksum = "04909a7a7e4633ae6c4a9ab280aeb86da1236243a77b694a49eacd659a4bd3ac"

[[package]]
name = "futures-macro"
version = "0.3.25"
source = "registry+https://github.com/rust-lang/crates.io-index"
checksum = "bdfb8ce053d86b91919aad980c220b1fb8401a9394410e1c289ed7e66b61835d"
dependencies = [
 "proc-macro2",
 "quote",
 "syn",
]

[[package]]
name = "futures-task"
version = "0.3.25"
source = "registry+https://github.com/rust-lang/crates.io-index"
checksum = "2ffb393ac5d9a6eaa9d3fdf37ae2776656b706e200c8e16b1bdb227f5198e6ea"

[[package]]
name = "futures-util"
version = "0.3.25"
source = "registry+https://github.com/rust-lang/crates.io-index"
checksum = "197676987abd2f9cadff84926f410af1c183608d36641465df73ae8211dc65d6"
dependencies = [
 "futures-core",
 "futures-macro",
 "futures-task",
 "pin-project-lite",
 "pin-utils",
 "slab",
]

[[package]]
name = "fxhash"
version = "0.2.1"
source = "registry+https://github.com/rust-lang/crates.io-index"
checksum = "c31b6d751ae2c7f11320402d34e41349dd1016f8d5d45e48c4312bc8625af50c"
dependencies = [
 "byteorder",
]

[[package]]
name = "getrandom"
version = "0.2.8"
source = "registry+https://github.com/rust-lang/crates.io-index"
checksum = "c05aeb6a22b8f62540c194aac980f2115af067bfe15a0734d7277a768d396b31"
dependencies = [
 "cfg-if",
 "libc",
 "wasi",
]

[[package]]
name = "gloo-timers"
version = "0.2.5"
source = "registry+https://github.com/rust-lang/crates.io-index"
checksum = "98c4a8d6391675c6b2ee1a6c8d06e8e2d03605c44cec1270675985a4c2a5500b"
dependencies = [
 "futures-channel",
 "futures-core",
 "js-sys",
 "wasm-bindgen",
]

[[package]]
name = "hashbrown"
version = "0.12.3"
source = "registry+https://github.com/rust-lang/crates.io-index"
checksum = "8a9ee70c43aaf417c914396645a0fa852624801b24ebb7ae78fe8272889ac888"
dependencies = [
 "ahash",
]

[[package]]
name = "ident_case"
version = "1.0.1"
source = "registry+https://github.com/rust-lang/crates.io-index"
checksum = "b9e0384b61958566e926dc50660321d12159025e767c18e043daf26b70104c39"

[[package]]
name = "indexmap"
version = "1.9.2"
source = "registry+https://github.com/rust-lang/crates.io-index"
checksum = "1885e79c1fc4b10f0e172c475f458b7f7b93061064d98c3293e98c5ba0c8b399"
dependencies = [
 "autocfg",
 "hashbrown",
]

[[package]]
name = "itoa"
version = "1.0.4"
source = "registry+https://github.com/rust-lang/crates.io-index"
checksum = "4217ad341ebadf8d8e724e264f13e593e0648f5b3e94b3896a5df283be015ecc"

[[package]]
name = "js-sys"
version = "0.3.60"
source = "registry+https://github.com/rust-lang/crates.io-index"
checksum = "49409df3e3bf0856b916e2ceaca09ee28e6871cf7d9ce97a692cacfdb2a25a47"
dependencies = [
 "wasm-bindgen",
]

[[package]]
name = "keyboard-types"
version = "0.6.2"
source = "registry+https://github.com/rust-lang/crates.io-index"
checksum = "0b7668b7cff6a51fe61cdde64cd27c8a220786f399501b57ebe36f7d8112fd68"
dependencies = [
 "bitflags",
 "serde",
 "unicode-segmentation",
]

[[package]]
name = "libc"
version = "0.2.138"
source = "registry+https://github.com/rust-lang/crates.io-index"
checksum = "db6d7e329c562c5dfab7a46a2afabc8b987ab9a4834c9d1ca04dc54c1546cef8"

[[package]]
name = "log"
version = "0.4.17"
source = "registry+https://github.com/rust-lang/crates.io-index"
checksum = "abb12e687cfb44aa40f41fc3978ef76448f9b6038cad6aef4259d3c095a2382e"
dependencies = [
 "cfg-if",
]

[[package]]
name = "longest-increasing-subsequence"
version = "0.1.0"
source = "registry+https://github.com/rust-lang/crates.io-index"
checksum = "b3bd0dd2cd90571056fdb71f6275fada10131182f84899f4b2a916e565d81d86"

[[package]]
name = "lru"
version = "0.8.1"
source = "registry+https://github.com/rust-lang/crates.io-index"
checksum = "b6e8aaa3f231bb4bd57b84b2d5dc3ae7f350265df8aa96492e0bc394a1571909"
dependencies = [
 "hashbrown",
]

[[package]]
name = "num-traits"
version = "0.2.15"
source = "registry+https://github.com/rust-lang/crates.io-index"
checksum = "578ede34cf02f8924ab9447f50c28075b4d3e5b269972345e7e0372b38c6cdcd"
dependencies = [
 "autocfg",
]

[[package]]
name = "once_cell"
version = "1.16.0"
source = "registry+https://github.com/rust-lang/crates.io-index"
checksum = "86f0b0d4bf799edbc74508c1e8bf170ff5f41238e5f8225603ca7caaae2b7860"

[[package]]
name = "pin-project-lite"
version = "0.2.9"
source = "registry+https://github.com/rust-lang/crates.io-index"
checksum = "e0a7ae3ac2f1173085d398531c705756c94a4c56843785df85a60c1a0afac116"

[[package]]
name = "pin-utils"
version = "0.1.0"
source = "registry+https://github.com/rust-lang/crates.io-index"
checksum = "8b870d8c151b6f2fb93e84a13146138f05d02ed11c7e7c54f8826aaaf7c9f184"

[[package]]
name = "proc-macro2"
version = "1.0.47"
source = "registry+https://github.com/rust-lang/crates.io-index"
checksum = "5ea3d908b0e36316caf9e9e2c4625cdde190a7e6f440d794667ed17a1855e725"
dependencies = [
 "unicode-ident",
]

[[package]]
name = "quote"
version = "1.0.21"
source = "registry+https://github.com/rust-lang/crates.io-index"
checksum = "bbe448f377a7d6961e30f5955f9b8d106c3f5e449d493ee1b125c1d43c2b5179"
dependencies = [
 "proc-macro2",
]

[[package]]
name = "rustc-hash"
version = "1.1.0"
source = "registry+https://github.com/rust-lang/crates.io-index"
checksum = "08d43f7aa6b08d49f382cde6a7982047c3426db949b1424bc4b7ec9ae12c6ce2"

[[package]]
name = "ryu"
version = "1.0.11"
source = "registry+https://github.com/rust-lang/crates.io-index"
checksum = "4501abdff3ae82a1c1b477a17252eb69cee9e66eb915c1abaa4f44d873df9f09"

[[package]]
name = "serde"
version = "1.0.149"
source = "registry+https://github.com/rust-lang/crates.io-index"
checksum = "256b9932320c590e707b94576e3cc1f7c9024d0ee6612dfbcf1cb106cbe8e055"
dependencies = [
 "serde_derive",
]

[[package]]
name = "serde-wasm-bindgen"
version = "0.4.5"
source = "registry+https://github.com/rust-lang/crates.io-index"
checksum = "e3b4c031cd0d9014307d82b8abf653c0290fbdaeb4c02d00c63cf52f728628bf"
dependencies = [
 "js-sys",
 "serde",
 "wasm-bindgen",
]

[[package]]
name = "serde_derive"
version = "1.0.149"
source = "registry+https://github.com/rust-lang/crates.io-index"
checksum = "b4eae9b04cbffdfd550eb462ed33bc6a1b68c935127d008b27444d08380f94e4"
dependencies = [
 "proc-macro2",
 "quote",
 "syn",
]

[[package]]
name = "serde_json"
version = "1.0.89"
source = "registry+https://github.com/rust-lang/crates.io-index"
checksum = "020ff22c755c2ed3f8cf162dbb41a7268d934702f3ed3631656ea597e08fc3db"
dependencies = [
 "itoa",
 "ryu",
 "serde",
]

[[package]]
name = "slab"
version = "0.4.7"
source = "registry+https://github.com/rust-lang/crates.io-index"
checksum = "4614a76b2a8be0058caa9dbbaf66d988527d86d003c11a94fbd335d7661edcef"
dependencies = [
 "autocfg",
]

[[package]]
name = "sledgehammer_bindgen"
version = "0.1.2"
source = "registry+https://github.com/rust-lang/crates.io-index"
checksum = "7d0531b307fcb756541e1262daf24544886f193c7773694d1d3b388287e5153e"
dependencies = [
 "quote",
 "syn",
]

[[package]]
name = "sledgehammer_utils"
version = "0.1.0"
source = "registry+https://github.com/rust-lang/crates.io-index"
checksum = "bded7f44df7c0e2ba7352fa511cd36c9fa817665d8e05b221ff43534543431a5"
dependencies = [
 "lru",
 "once_cell",
 "rustc-hash",
 "ux",
]

[[package]]
name = "smallbox"
version = "0.8.1"
source = "registry+https://github.com/rust-lang/crates.io-index"
checksum = "4679d6eef28b85020158619fc09769de89e90886c5de7157587d87cb72648faa"

[[package]]
name = "smallstr"
version = "0.2.0"
source = "registry+https://github.com/rust-lang/crates.io-index"
checksum = "1e922794d168678729ffc7e07182721a14219c65814e66e91b839a272fe5ae4f"
dependencies = [
 "smallvec",
]

[[package]]
name = "smallvec"
version = "1.10.0"
source = "registry+https://github.com/rust-lang/crates.io-index"
checksum = "a507befe795404456341dfab10cef66ead4c041f62b8b11bbb92bffe5d0953e0"

[[package]]
name = "syn"
version = "1.0.105"
source = "registry+https://github.com/rust-lang/crates.io-index"
checksum = "60b9b43d45702de4c839cb9b51d9f529c5dd26a4aff255b42b1ebc03e88ee908"
dependencies = [
 "proc-macro2",
 "quote",
 "unicode-ident",
]

[[package]]
name = "unicode-ident"
version = "1.0.5"
source = "registry+https://github.com/rust-lang/crates.io-index"
checksum = "6ceab39d59e4c9499d4e5a8ee0e2735b891bb7308ac83dfb4e80cad195c9f6f3"

[[package]]
name = "unicode-segmentation"
version = "1.10.0"
source = "registry+https://github.com/rust-lang/crates.io-index"
checksum = "0fdbf052a0783de01e944a6ce7a8cb939e295b1e7be835a1112c3b9a7f047a5a"

[[package]]
name = "ux"
version = "0.1.5"
source = "registry+https://github.com/rust-lang/crates.io-index"
checksum = "2cb3ff47e36907a6267572c1e398ff32ef78ac5131de8aa272e53846592c207e"

[[package]]
name = "version_check"
version = "0.9.4"
source = "registry+https://github.com/rust-lang/crates.io-index"
checksum = "49874b5167b65d7193b8aba1567f5c7d93d001cafc34600cee003eda787e483f"

[[package]]
name = "wasi"
version = "0.11.0+wasi-snapshot-preview1"
source = "registry+https://github.com/rust-lang/crates.io-index"
checksum = "9c8d87e72b64a3b4db28d11ce29237c246188f4f51057d65a7eab63b7987e423"

[[package]]
name = "wasm-bindgen"
version = "0.2.83"
source = "registry+https://github.com/rust-lang/crates.io-index"
checksum = "eaf9f5aceeec8be17c128b2e93e031fb8a4d469bb9c4ae2d7dc1888b26887268"
dependencies = [
 "cfg-if",
 "wasm-bindgen-macro",
]

[[package]]
name = "wasm-bindgen-backend"
version = "0.2.83"
source = "registry+https://github.com/rust-lang/crates.io-index"
checksum = "4c8ffb332579b0557b52d268b91feab8df3615f265d5270fec2a8c95b17c1142"
dependencies = [
 "bumpalo",
 "log",
 "once_cell",
 "proc-macro2",
 "quote",
 "syn",
 "wasm-bindgen-shared",
]

[[package]]
name = "wasm-bindgen-futures"
version = "0.4.33"
source = "registry+https://github.com/rust-lang/crates.io-index"
checksum = "23639446165ca5a5de86ae1d8896b737ae80319560fbaa4c2887b7da6e7ebd7d"
dependencies = [
 "cfg-if",
 "js-sys",
 "wasm-bindgen",
 "web-sys",
]

[[package]]
name = "wasm-bindgen-macro"
version = "0.2.83"
source = "registry+https://github.com/rust-lang/crates.io-index"
checksum = "052be0f94026e6cbc75cdefc9bae13fd6052cdcaf532fa6c45e7ae33a1e6c810"
dependencies = [
 "quote",
 "wasm-bindgen-macro-support",
]

[[package]]
name = "wasm-bindgen-macro-support"
version = "0.2.83"
source = "registry+https://github.com/rust-lang/crates.io-index"
checksum = "07bc0c051dc5f23e307b13285f9d75df86bfdf816c5721e573dec1f9b8aa193c"
dependencies = [
 "proc-macro2",
 "quote",
 "syn",
 "wasm-bindgen-backend",
 "wasm-bindgen-shared",
]

[[package]]
name = "wasm-bindgen-shared"
version = "0.2.83"
source = "registry+https://github.com/rust-lang/crates.io-index"
checksum = "1c38c045535d93ec4f0b4defec448e4291638ee608530863b1e2ba115d4fff7f"

[[package]]
name = "wasm-logger"
version = "0.2.0"
source = "registry+https://github.com/rust-lang/crates.io-index"
checksum = "074649a66bb306c8f2068c9016395fa65d8e08d2affcbf95acf3c24c3ab19718"
dependencies = [
 "log",
 "wasm-bindgen",
 "web-sys",
]

[[package]]
name = "web-sys"
version = "0.3.60"
source = "registry+https://github.com/rust-lang/crates.io-index"
checksum = "bcda906d8be16e728fd5adc5b729afad4e444e106ab28cd1c7256e54fa61510f"
dependencies = [
 "js-sys",
 "wasm-bindgen",
]
